{
    "_readme": [
        "This file locks the dependencies of your project to a known state",
        "Read more about it at https://getcomposer.org/doc/01-basic-usage.md#installing-dependencies",
        "This file is @generated automatically"
    ],
    "content-hash": "0d6ac8357a3b5358a31c17046c1c2611",
    "packages": [
        {
            "name": "stomp-php/stomp-php",
            "version": "5.1.2",
            "source": {
                "type": "git",
                "url": "https://github.com/stomp-php/stomp-php.git",
                "reference": "85e7ad490aeda7d23f8dd7c570aab08e096e40b6"
            },
            "dist": {
                "type": "zip",
                "url": "https://api.github.com/repos/stomp-php/stomp-php/zipball/85e7ad490aeda7d23f8dd7c570aab08e096e40b6",
                "reference": "85e7ad490aeda7d23f8dd7c570aab08e096e40b6",
                "shasum": ""
            },
            "require": {
                "php": "^7.3|^8.0"
            },
            "require-dev": {
                "phpunit/phpunit": "^9.5"
            },
            "type": "library",
            "autoload": {
                "psr-4": {
                    "Stomp\\": "src/"
                }
            },
            "notification-url": "https://packagist.org/downloads/",
            "license": [
                "Apache-2.0"
            ],
            "authors": [
                {
                    "name": "Dejan Bosnanac",
                    "email": "dejan@nighttale.net",
                    "homepage": "http://www.nighttale.net"
                },
                {
                    "name": "Sören Rohweder",
                    "email": "s.rohweder@blage.net",
                    "homepage": "http://www.monofone.de"
                },
                {
                    "name": "Jens Radtke",
                    "email": "swefl@fin-sn.de",
                    "homepage": "http://www.fin-sn.de"
                }
            ],
            "description": "stomp support for PHP",
            "homepage": "http://github.com/stomp-php/stomp-php",
            "keywords": [
                "activeMQ",
                "apollomq",
                "jms",
                "messaging",
                "rabbitmq",
                "stomp"
            ],
            "support": {
                "issues": "https://github.com/stomp-php/stomp-php/issues",
                "source": "https://github.com/stomp-php/stomp-php/tree/5.1.2"
            },
            "funding": [
                {
                    "url": "https://github.com/jmglsn",
                    "type": "github"
                },
                {
                    "url": "https://github.com/staabm",
                    "type": "github"
                }
            ],
            "time": "2025-02-03T12:32:51+00:00"
        }
    ],
    "packages-dev": [],
    "aliases": [],
    "minimum-stability": "stable",
    "stability-flags": {},
    "prefer-stable": false,
    "prefer-lowest": false,
    "platform": {},
    "platform-dev": {},
    "plugin-api-version": "2.6.0"
}
